// !$*UTF8*$!
{
	archiveVersion = 1;
	classes = {
	};
	objectVersion = 45;
	objects = {

/* Begin PBXBuildFile section */
		2F7446AB0DB6BCF400F9684A /* MainMenu.xib in Resources */ = {isa = PBXBuildFile; fileRef = 2F7446A70DB6BCF400F9684A /* MainMenu.xib */; };
		775BDEF1067A8BF0009058FE /* RootDocument.xcdatamodel in Sources */ = {isa = PBXBuildFile; fileRef = 775BDEF0067A8BF0009058FE /* RootDocument.xcdatamodel */; };
		775DFF38067A968500C5B868 /* Cocoa.framework in Frameworks */ = {isa = PBXBuildFile; fileRef = 1058C7A7FEA54F5311CA2CBB /* Cocoa.framework */; };
		8D15AC2C0486D014006FF6A4 /* Credits.rtf in Resources */ = {isa = PBXBuildFile; fileRef = 2A37F4B9FDCFA73011CA2CEA /* Credits.rtf */; };
		8D15AC2F0486D014006FF6A4 /* InfoPlist.strings in Resources */ = {isa = PBXBuildFile; fileRef = 089C165FFE840EACC02AAC07 /* InfoPlist.strings */; };
		8D15AC320486D014006FF6A4 /* main.m in Sources */ = {isa = PBXBuildFile; fileRef = 2A37F4B0FDCFA73011CA2CEA /* main.m */; settings = {ATTRIBUTES = (); }; };
		BD015DB112DCB1AA00473CAB /* PostViewController.m in Sources */ = {isa = PBXBuildFile; fileRef = BD015DB012DCB1AA00473CAB /* PostViewController.m */; };
		BD015DC912DCB2C000473CAB /* NewsCell.m in Sources */ = {isa = PBXBuildFile; fileRef = BD015DC812DCB2C000473CAB /* NewsCell.m */; };
		BD015E6312DCBA4E00473CAB /* QMessagePoster.m in Sources */ = {isa = PBXBuildFile; fileRef = BD015E6212DCBA4E00473CAB /* QMessagePoster.m */; };
		BD345BFC12D9584F00A6FE83 /* WebKit.framework in Frameworks */ = {isa = PBXBuildFile; fileRef = BD345BFB12D9584F00A6FE83 /* WebKit.framework */; };
		BD345C1412D95B2400A6FE83 /* AppDelegate.m in Sources */ = {isa = PBXBuildFile; fileRef = BD345C1312D95B2400A6FE83 /* AppDelegate.m */; };
		BD345C2012D95C3F00A6FE83 /* RootWindowController.m in Sources */ = {isa = PBXBuildFile; fileRef = BD345C1F12D95C3F00A6FE83 /* RootWindowController.m */; };
		BD345C8112D95E3100A6FE83 /* MainWindow.xib in Resources */ = {isa = PBXBuildFile; fileRef = BD345C8012D95E3100A6FE83 /* MainWindow.xib */; };
		BD345D7712D96BC700A6FE83 /* LOAuthController.xib in Resources */ = {isa = PBXBuildFile; fileRef = BD345D7612D96BC700A6FE83 /* LOAuthController.xib */; };
		BD345FDC12DA063800A6FE83 /* QQRequest.m in Sources */ = {isa = PBXBuildFile; fileRef = BD345FDB12DA063800A6FE83 /* QQRequest.m */; };
		BD3B679B12D87DBC009D6DD2 /* NSString+Catalog.m in Sources */ = {isa = PBXBuildFile; fileRef = BD3B679A12D87DBC009D6DD2 /* NSString+Catalog.m */; };
		BD3B67FE12D889B3009D6DD2 /* LOAuthRequest.m in Sources */ = {isa = PBXBuildFile; fileRef = BD3B67FD12D889B3009D6DD2 /* LOAuthRequest.m */; };
		BD3B683012D896F4009D6DD2 /* Signaturer.m in Sources */ = {isa = PBXBuildFile; fileRef = BD3B682F12D896F4009D6DD2 /* Signaturer.m */; };
		BD3B6AFA12D8CEB2009D6DD2 /* NSMutableURLRequest+Parameters.m in Sources */ = {isa = PBXBuildFile; fileRef = BD3B6ADF12D8CEB2009D6DD2 /* NSMutableURLRequest+Parameters.m */; };
		BD3B6AFB12D8CEB2009D6DD2 /* NSString+URLEncoding.m in Sources */ = {isa = PBXBuildFile; fileRef = BD3B6AE112D8CEB2009D6DD2 /* NSString+URLEncoding.m */; };
		BD3B6AFC12D8CEB2009D6DD2 /* NSURL+Base.m in Sources */ = {isa = PBXBuildFile; fileRef = BD3B6AE312D8CEB2009D6DD2 /* NSURL+Base.m */; };
		BD3B6AFD12D8CEB2009D6DD2 /* Base64Transcoder.m in Sources */ = {isa = PBXBuildFile; fileRef = BD3B6AE512D8CEB2009D6DD2 /* Base64Transcoder.m */; };
		BD3B6AFE12D8CEB2009D6DD2 /* OAAsynchronousDataFetcher.m in Sources */ = {isa = PBXBuildFile; fileRef = BD3B6AE812D8CEB2009D6DD2 /* OAAsynchronousDataFetcher.m */; };
		BD3B6AFF12D8CEB2009D6DD2 /* OAConsumer.m in Sources */ = {isa = PBXBuildFile; fileRef = BD3B6AEA12D8CEB2009D6DD2 /* OAConsumer.m */; };
		BD3B6B0012D8CEB2009D6DD2 /* OADataFetcher.m in Sources */ = {isa = PBXBuildFile; fileRef = BD3B6AEC12D8CEB2009D6DD2 /* OADataFetcher.m */; };
		BD3B6B0112D8CEB2009D6DD2 /* OAHMAC_SHA1SignatureProvider.m in Sources */ = {isa = PBXBuildFile; fileRef = BD3B6AEE12D8CEB2009D6DD2 /* OAHMAC_SHA1SignatureProvider.m */; };
		BD3B6B0212D8CEB2009D6DD2 /* OAMutableURLRequest.m in Sources */ = {isa = PBXBuildFile; fileRef = BD3B6AF012D8CEB2009D6DD2 /* OAMutableURLRequest.m */; };
		BD3B6B0312D8CEB2009D6DD2 /* OAPlaintextSignatureProvider.m in Sources */ = {isa = PBXBuildFile; fileRef = BD3B6AF212D8CEB2009D6DD2 /* OAPlaintextSignatureProvider.m */; };
		BD3B6B0412D8CEB2009D6DD2 /* OARequestParameter.m in Sources */ = {isa = PBXBuildFile; fileRef = BD3B6AF412D8CEB2009D6DD2 /* OARequestParameter.m */; };
		BD3B6B0512D8CEB2009D6DD2 /* OAServiceTicket.m in Sources */ = {isa = PBXBuildFile; fileRef = BD3B6AF612D8CEB2009D6DD2 /* OAServiceTicket.m */; };
		BD3B6B0612D8CEB2009D6DD2 /* OAToken.m in Sources */ = {isa = PBXBuildFile; fileRef = BD3B6AF812D8CEB2009D6DD2 /* OAToken.m */; };
		BD3B6B3512D8D07E009D6DD2 /* HmacOAuthRequest.m in Sources */ = {isa = PBXBuildFile; fileRef = BD3B6B3412D8D07E009D6DD2 /* HmacOAuthRequest.m */; };
		BD3B6D8B12D8F542009D6DD2 /* LOAuth.m in Sources */ = {isa = PBXBuildFile; fileRef = BD3B6D8A12D8F542009D6DD2 /* LOAuth.m */; };
		BD626B9B12DC18790058C6AA /* QUserInfoRequest.m in Sources */ = {isa = PBXBuildFile; fileRef = BD626B9A12DC18790058C6AA /* QUserInfoRequest.m */; };
		BD626BDF12DC1F460058C6AA /* QUserInfoRequest.m in Sources */ = {isa = PBXBuildFile; fileRef = BD626B9A12DC18790058C6AA /* QUserInfoRequest.m */; };
		BD626BE412DC1FD40058C6AA /* OAAsynchronousDataFetcher.m in Sources */ = {isa = PBXBuildFile; fileRef = BD3B6AE812D8CEB2009D6DD2 /* OAAsynchronousDataFetcher.m */; };
		BD626CFC12DC264B0058C6AA /* NSObject+JSON.m in Sources */ = {isa = PBXBuildFile; fileRef = BD626CEB12DC264B0058C6AA /* NSObject+JSON.m */; };
		BD626CFD12DC264B0058C6AA /* SBJsonWriter.m in Sources */ = {isa = PBXBuildFile; fileRef = BD626CED12DC264B0058C6AA /* SBJsonWriter.m */; };
		BD626CFE12DC264B0058C6AA /* SBJsonStreamWriter.m in Sources */ = {isa = PBXBuildFile; fileRef = BD626CEF12DC264B0058C6AA /* SBJsonStreamWriter.m */; };
		BD626CFF12DC264B0058C6AA /* SBJsonStreamWriterState.m in Sources */ = {isa = PBXBuildFile; fileRef = BD626CF112DC264B0058C6AA /* SBJsonStreamWriterState.m */; };
		BD626D0012DC264B0058C6AA /* SBJsonTokeniser.m in Sources */ = {isa = PBXBuildFile; fileRef = BD626CF312DC264B0058C6AA /* SBJsonTokeniser.m */; };
		BD626D0112DC264B0058C6AA /* SBJsonParser.m in Sources */ = {isa = PBXBuildFile; fileRef = BD626CF512DC264B0058C6AA /* SBJsonParser.m */; };
		BD626D0212DC264B0058C6AA /* SBJsonStreamParser.m in Sources */ = {isa = PBXBuildFile; fileRef = BD626CF712DC264B0058C6AA /* SBJsonStreamParser.m */; };
		BD626D0312DC264B0058C6AA /* SBJsonStreamParserState.m in Sources */ = {isa = PBXBuildFile; fileRef = BD626CF912DC264B0058C6AA /* SBJsonStreamParserState.m */; };
		BD626D0412DC264B0058C6AA /* SBJsonStreamParserAdapter.m in Sources */ = {isa = PBXBuildFile; fileRef = BD626CFB12DC264B0058C6AA /* SBJsonStreamParserAdapter.m */; };
		BD626D0512DC264B0058C6AA /* NSObject+JSON.m in Sources */ = {isa = PBXBuildFile; fileRef = BD626CEB12DC264B0058C6AA /* NSObject+JSON.m */; };
		BD626D0612DC264B0058C6AA /* SBJsonWriter.m in Sources */ = {isa = PBXBuildFile; fileRef = BD626CED12DC264B0058C6AA /* SBJsonWriter.m */; };
		BD626D0712DC264B0058C6AA /* SBJsonStreamWriter.m in Sources */ = {isa = PBXBuildFile; fileRef = BD626CEF12DC264B0058C6AA /* SBJsonStreamWriter.m */; };
		BD626D0812DC264B0058C6AA /* SBJsonStreamWriterState.m in Sources */ = {isa = PBXBuildFile; fileRef = BD626CF112DC264B0058C6AA /* SBJsonStreamWriterState.m */; };
		BD626D0912DC264B0058C6AA /* SBJsonTokeniser.m in Sources */ = {isa = PBXBuildFile; fileRef = BD626CF312DC264B0058C6AA /* SBJsonTokeniser.m */; };
		BD626D0A12DC264B0058C6AA /* SBJsonParser.m in Sources */ = {isa = PBXBuildFile; fileRef = BD626CF512DC264B0058C6AA /* SBJsonParser.m */; };
		BD626D0B12DC264B0058C6AA /* SBJsonStreamParser.m in Sources */ = {isa = PBXBuildFile; fileRef = BD626CF712DC264B0058C6AA /* SBJsonStreamParser.m */; };
		BD626D0C12DC264B0058C6AA /* SBJsonStreamParserState.m in Sources */ = {isa = PBXBuildFile; fileRef = BD626CF912DC264B0058C6AA /* SBJsonStreamParserState.m */; };
		BD626D0D12DC264B0058C6AA /* SBJsonStreamParserAdapter.m in Sources */ = {isa = PBXBuildFile; fileRef = BD626CFB12DC264B0058C6AA /* SBJsonStreamParserAdapter.m */; };
		BD626D3512DC285E0058C6AA /* NSObject+Collection.m in Sources */ = {isa = PBXBuildFile; fileRef = BD626D3412DC285E0058C6AA /* NSObject+Collection.m */; };
		BD626D3612DC285E0058C6AA /* NSObject+Collection.m in Sources */ = {isa = PBXBuildFile; fileRef = BD626D3412DC285E0058C6AA /* NSObject+Collection.m */; };
		BD626DC012DC2E840058C6AA /* ProfileController.m in Sources */ = {isa = PBXBuildFile; fileRef = BD626DBF12DC2E840058C6AA /* ProfileController.m */; };
		BD626DC112DC2E840058C6AA /* ProfileController.m in Sources */ = {isa = PBXBuildFile; fileRef = BD626DBF12DC2E840058C6AA /* ProfileController.m */; };
		BD626DC512DC2E990058C6AA /* ProfilePanel.xib in Resources */ = {isa = PBXBuildFile; fileRef = BD626DC412DC2E990058C6AA /* ProfilePanel.xib */; };
		BD626DC612DC2E990058C6AA /* ProfilePanel.xib in Resources */ = {isa = PBXBuildFile; fileRef = BD626DC412DC2E990058C6AA /* ProfilePanel.xib */; };
		BD7807D812DADF7500F95021 /* MyTest.m in Sources */ = {isa = PBXBuildFile; fileRef = BD78078212DADE0B00F95021 /* MyTest.m */; };
		BD7807E312DADF7F00F95021 /* GHUnitTestMain.m in Sources */ = {isa = PBXBuildFile; fileRef = BD78078012DADDFD00F95021 /* GHUnitTestMain.m */; };
		BD78084412DAE16600F95021 /* GHUnit.framework in Frameworks */ = {isa = PBXBuildFile; fileRef = BD78084312DAE16600F95021 /* GHUnit.framework */; };
		BD78087212DAE2D800F95021 /* Foundation.framework in Frameworks */ = {isa = PBXBuildFile; fileRef = 2A37F4C5FDCFA73011CA2CEA /* Foundation.framework */; };
		BD78087312DAE2D800F95021 /* CoreData.framework in Frameworks */ = {isa = PBXBuildFile; fileRef = 7788DA0506752A1600599AAD /* CoreData.framework */; };
		BD78087412DAE2D800F95021 /* AppKit.framework in Frameworks */ = {isa = PBXBuildFile; fileRef = 2A37F4C4FDCFA73011CA2CEA /* AppKit.framework */; };
		BD78094C12DAE8F900F95021 /* OAToken.m in Sources */ = {isa = PBXBuildFile; fileRef = BD3B6AF812D8CEB2009D6DD2 /* OAToken.m */; };
		BD78095A12DAE90900F95021 /* OAServiceTicket.m in Sources */ = {isa = PBXBuildFile; fileRef = BD3B6AF612D8CEB2009D6DD2 /* OAServiceTicket.m */; };
		BD78096712DAE92000F95021 /* OARequestParameter.m in Sources */ = {isa = PBXBuildFile; fileRef = BD3B6AF412D8CEB2009D6DD2 /* OARequestParameter.m */; };
		BD78097412DAE94600F95021 /* OAPlaintextSignatureProvider.m in Sources */ = {isa = PBXBuildFile; fileRef = BD3B6AF212D8CEB2009D6DD2 /* OAPlaintextSignatureProvider.m */; };
		BD78098212DAE96700F95021 /* OAMutableURLRequest.m in Sources */ = {isa = PBXBuildFile; fileRef = BD3B6AF012D8CEB2009D6DD2 /* OAMutableURLRequest.m */; };
		BD78098912DAEA0C00F95021 /* OAConsumer.m in Sources */ = {isa = PBXBuildFile; fileRef = BD3B6AEA12D8CEB2009D6DD2 /* OAConsumer.m */; };
		BD78098A12DAEA0C00F95021 /* OADataFetcher.m in Sources */ = {isa = PBXBuildFile; fileRef = BD3B6AEC12D8CEB2009D6DD2 /* OADataFetcher.m */; };
		BD78098B12DAEA0C00F95021 /* OAHMAC_SHA1SignatureProvider.m in Sources */ = {isa = PBXBuildFile; fileRef = BD3B6AEE12D8CEB2009D6DD2 /* OAHMAC_SHA1SignatureProvider.m */; };
		BD78098E12DAEA3700F95021 /* Base64Transcoder.m in Sources */ = {isa = PBXBuildFile; fileRef = BD3B6AE512D8CEB2009D6DD2 /* Base64Transcoder.m */; };
		BD7809CC12DAEC9600F95021 /* TimelineRequestTest.m in Sources */ = {isa = PBXBuildFile; fileRef = BD7801E212DAB29B00F95021 /* TimelineRequestTest.m */; };
		BD7809CF12DAECB700F95021 /* QQRequest.m in Sources */ = {isa = PBXBuildFile; fileRef = BD345FDB12DA063800A6FE83 /* QQRequest.m */; };
		BD7809D012DAECBF00F95021 /* LOAuth.m in Sources */ = {isa = PBXBuildFile; fileRef = BD3B6D8A12D8F542009D6DD2 /* LOAuth.m */; };
		BD7809F012DAF00D00F95021 /* OAuthTest.m in Sources */ = {isa = PBXBuildFile; fileRef = BD7809EF12DAF00D00F95021 /* OAuthTest.m */; };
		BD780A2112DAF1AC00F95021 /* NSString+Catalog.m in Sources */ = {isa = PBXBuildFile; fileRef = BD3B679A12D87DBC009D6DD2 /* NSString+Catalog.m */; };
		BD780A2D12DAF1FD00F95021 /* NSMutableURLRequest+Parameters.m in Sources */ = {isa = PBXBuildFile; fileRef = BD3B6ADF12D8CEB2009D6DD2 /* NSMutableURLRequest+Parameters.m */; };
		BD780A2E12DAF1FD00F95021 /* NSString+URLEncoding.m in Sources */ = {isa = PBXBuildFile; fileRef = BD3B6AE112D8CEB2009D6DD2 /* NSString+URLEncoding.m */; };
		BD780A2F12DAF1FD00F95021 /* NSURL+Base.m in Sources */ = {isa = PBXBuildFile; fileRef = BD3B6AE312D8CEB2009D6DD2 /* NSURL+Base.m */; };
		BD780B0D12DB016500F95021 /* News.m in Sources */ = {isa = PBXBuildFile; fileRef = BD780B0C12DB016500F95021 /* News.m */; };
		BD780B1612DB01DE00F95021 /* User.m in Sources */ = {isa = PBXBuildFile; fileRef = BD780B1512DB01DE00F95021 /* User.m */; };
		BD780B5812DB081A00F95021 /* News.xcclassmodel in Resources */ = {isa = PBXBuildFile; fileRef = BD780B5712DB081A00F95021 /* News.xcclassmodel */; };
		BD780B5D12DB08E000F95021 /* NewsViewController.m in Sources */ = {isa = PBXBuildFile; fileRef = BD780B5C12DB08E000F95021 /* NewsViewController.m */; };
		BD780BA112DB0C6D00F95021 /* QuartzCore.framework in Frameworks */ = {isa = PBXBuildFile; fileRef = BD780BA012DB0C6D00F95021 /* QuartzCore.framework */; };
		BDA142E012DC54AE009A7149 /* User.m in Sources */ = {isa = PBXBuildFile; fileRef = BD780B1512DB01DE00F95021 /* User.m */; };
		BDA142E112DC54B2009A7149 /* News.m in Sources */ = {isa = PBXBuildFile; fileRef = BD780B0C12DB016500F95021 /* News.m */; };
		BDA142F612DC54FC009A7149 /* CoreData.framework in Frameworks */ = {isa = PBXBuildFile; fileRef = BDA142F512DC54FC009A7149 /* CoreData.framework */; };
/* End PBXBuildFile section */

/* Begin PBXFileReference section */
		089C1660FE840EACC02AAC07 /* English */ = {isa = PBXFileReference; fileEncoding = 10; lastKnownFileType = text.plist.strings; name = English; path = English.lproj/InfoPlist.strings; sourceTree = "<group>"; };
		1058C7A7FEA54F5311CA2CBB /* Cocoa.framework */ = {isa = PBXFileReference; lastKnownFileType = wrapper.framework; name = Cocoa.framework; path = /System/Library/Frameworks/Cocoa.framework; sourceTree = "<absolute>"; };
		2A37F4B0FDCFA73011CA2CEA /* main.m */ = {isa = PBXFileReference; fileEncoding = 4; lastKnownFileType = sourcecode.c.objc; path = main.m; sourceTree = "<group>"; };
		2A37F4BAFDCFA73011CA2CEA /* English */ = {isa = PBXFileReference; lastKnownFileType = text.rtf; name = English; path = English.lproj/Credits.rtf; sourceTree = "<group>"; };
		2A37F4C4FDCFA73011CA2CEA /* AppKit.framework */ = {isa = PBXFileReference; lastKnownFileType = wrapper.framework; name = AppKit.framework; path = /System/Library/Frameworks/AppKit.framework; sourceTree = "<absolute>"; };
		2A37F4C5FDCFA73011CA2CEA /* Foundation.framework */ = {isa = PBXFileReference; lastKnownFileType = wrapper.framework; name = Foundation.framework; path = /System/Library/Frameworks/Foundation.framework; sourceTree = "<absolute>"; };
		2F7446A80DB6BCF400F9684A /* English */ = {isa = PBXFileReference; lastKnownFileType = file.xib; name = English; path = English.lproj/MainMenu.xib; sourceTree = "<group>"; };
		32DBCF750370BD2300C91783 /* WaQQ_Prefix.pch */ = {isa = PBXFileReference; fileEncoding = 4; lastKnownFileType = sourcecode.c.h; path = WaQQ_Prefix.pch; sourceTree = "<group>"; };
		775BDEF0067A8BF0009058FE /* RootDocument.xcdatamodel */ = {isa = PBXFileReference; fileEncoding = 4; lastKnownFileType = wrapper.xcdatamodel; path = RootDocument.xcdatamodel; sourceTree = "<group>"; };
		7788DA0506752A1600599AAD /* CoreData.framework */ = {isa = PBXFileReference; lastKnownFileType = wrapper.framework; name = CoreData.framework; path = /System/Library/Frameworks/CoreData.framework; sourceTree = "<absolute>"; };
		8D15AC360486D014006FF6A4 /* WaQQ-Info.plist */ = {isa = PBXFileReference; explicitFileType = text.plist.xml; fileEncoding = 4; path = "WaQQ-Info.plist"; sourceTree = "<group>"; };
		8D15AC370486D014006FF6A4 /* WaQQ.app */ = {isa = PBXFileReference; explicitFileType = wrapper.application; includeInIndex = 0; path = WaQQ.app; sourceTree = BUILT_PRODUCTS_DIR; };
		BD015D9012DCB02E00473CAB /* TASK.txt */ = {isa = PBXFileReference; fileEncoding = 4; lastKnownFileType = text; path = TASK.txt; sourceTree = "<group>"; };
		BD015DAF12DCB1AA00473CAB /* PostViewController.h */ = {isa = PBXFileReference; fileEncoding = 4; lastKnownFileType = sourcecode.c.h; path = PostViewController.h; sourceTree = "<group>"; };
		BD015DB012DCB1AA00473CAB /* PostViewController.m */ = {isa = PBXFileReference; fileEncoding = 4; lastKnownFileType = sourcecode.c.objc; path = PostViewController.m; sourceTree = "<group>"; };
		BD015DC712DCB2C000473CAB /* NewsCell.h */ = {isa = PBXFileReference; fileEncoding = 4; lastKnownFileType = sourcecode.c.h; path = NewsCell.h; sourceTree = "<group>"; };
		BD015DC812DCB2C000473CAB /* NewsCell.m */ = {isa = PBXFileReference; fileEncoding = 4; lastKnownFileType = sourcecode.c.objc; path = NewsCell.m; sourceTree = "<group>"; };
		BD015E6112DCBA4E00473CAB /* QMessagePoster.h */ = {isa = PBXFileReference; fileEncoding = 4; lastKnownFileType = sourcecode.c.h; path = QMessagePoster.h; sourceTree = "<group>"; };
		BD015E6212DCBA4E00473CAB /* QMessagePoster.m */ = {isa = PBXFileReference; fileEncoding = 4; lastKnownFileType = sourcecode.c.objc; path = QMessagePoster.m; sourceTree = "<group>"; };
		BD345BFB12D9584F00A6FE83 /* WebKit.framework */ = {isa = PBXFileReference; lastKnownFileType = wrapper.framework; name = WebKit.framework; path = System/Library/Frameworks/WebKit.framework; sourceTree = SDKROOT; };
		BD345C1212D95B2400A6FE83 /* AppDelegate.h */ = {isa = PBXFileReference; fileEncoding = 4; lastKnownFileType = sourcecode.c.h; path = AppDelegate.h; sourceTree = "<group>"; };
		BD345C1312D95B2400A6FE83 /* AppDelegate.m */ = {isa = PBXFileReference; fileEncoding = 4; lastKnownFileType = sourcecode.c.objc; path = AppDelegate.m; sourceTree = "<group>"; };
		BD345C1E12D95C3F00A6FE83 /* RootWindowController.h */ = {isa = PBXFileReference; fileEncoding = 4; lastKnownFileType = sourcecode.c.h; path = RootWindowController.h; sourceTree = "<group>"; };
		BD345C1F12D95C3F00A6FE83 /* RootWindowController.m */ = {isa = PBXFileReference; fileEncoding = 4; lastKnownFileType = sourcecode.c.objc; path = RootWindowController.m; sourceTree = "<group>"; };
		BD345C8012D95E3100A6FE83 /* MainWindow.xib */ = {isa = PBXFileReference; lastKnownFileType = file.xib; path = MainWindow.xib; sourceTree = "<group>"; };
		BD345D7612D96BC700A6FE83 /* LOAuthController.xib */ = {isa = PBXFileReference; lastKnownFileType = file.xib; path = LOAuthController.xib; sourceTree = "<group>"; };
		BD345FDA12DA063800A6FE83 /* QQRequest.h */ = {isa = PBXFileReference; fileEncoding = 4; lastKnownFileType = sourcecode.c.h; path = QQRequest.h; sourceTree = "<group>"; };
		BD345FDB12DA063800A6FE83 /* QQRequest.m */ = {isa = PBXFileReference; fileEncoding = 4; lastKnownFileType = sourcecode.c.objc; path = QQRequest.m; sourceTree = "<group>"; };
		BD3B677E12D87C45009D6DD2 /* Key.h */ = {isa = PBXFileReference; fileEncoding = 4; lastKnownFileType = sourcecode.c.h; path = Key.h; sourceTree = "<group>"; };
		BD3B679912D87DBC009D6DD2 /* NSString+Catalog.h */ = {isa = PBXFileReference; fileEncoding = 4; lastKnownFileType = sourcecode.c.h; name = "NSString+Catalog.h"; path = "../../NSString+Catalog.h"; sourceTree = "<group>"; };
		BD3B679A12D87DBC009D6DD2 /* NSString+Catalog.m */ = {isa = PBXFileReference; fileEncoding = 4; lastKnownFileType = sourcecode.c.objc; name = "NSString+Catalog.m"; path = "../../NSString+Catalog.m"; sourceTree = "<group>"; };
		BD3B67BD12D8816B009D6DD2 /* RLog.h */ = {isa = PBXFileReference; fileEncoding = 4; lastKnownFileType = sourcecode.c.h; path = RLog.h; sourceTree = "<group>"; };
		BD3B67FC12D889B3009D6DD2 /* LOAuthRequest.h */ = {isa = PBXFileReference; fileEncoding = 4; lastKnownFileType = sourcecode.c.h; path = LOAuthRequest.h; sourceTree = "<group>"; };
		BD3B67FD12D889B3009D6DD2 /* LOAuthRequest.m */ = {isa = PBXFileReference; fileEncoding = 4; lastKnownFileType = sourcecode.c.objc; path = LOAuthRequest.m; sourceTree = "<group>"; };
		BD3B682E12D896F4009D6DD2 /* Signaturer.h */ = {isa = PBXFileReference; fileEncoding = 4; lastKnownFileType = sourcecode.c.h; path = Signaturer.h; sourceTree = "<group>"; };
		BD3B682F12D896F4009D6DD2 /* Signaturer.m */ = {isa = PBXFileReference; fileEncoding = 4; lastKnownFileType = sourcecode.c.objc; path = Signaturer.m; sourceTree = "<group>"; };
		BD3B6ADC12D8CEB2009D6DD2 /* OASignatureProviding.h */ = {isa = PBXFileReference; fileEncoding = 4; lastKnownFileType = sourcecode.c.h; path = OASignatureProviding.h; sourceTree = "<group>"; };
		BD3B6ADE12D8CEB2009D6DD2 /* NSMutableURLRequest+Parameters.h */ = {isa = PBXFileReference; fileEncoding = 4; lastKnownFileType = sourcecode.c.h; path = "NSMutableURLRequest+Parameters.h"; sourceTree = "<group>"; };
		BD3B6ADF12D8CEB2009D6DD2 /* NSMutableURLRequest+Parameters.m */ = {isa = PBXFileReference; fileEncoding = 4; lastKnownFileType = sourcecode.c.objc; path = "NSMutableURLRequest+Parameters.m"; sourceTree = "<group>"; };
		BD3B6AE012D8CEB2009D6DD2 /* NSString+URLEncoding.h */ = {isa = PBXFileReference; fileEncoding = 4; lastKnownFileType = sourcecode.c.h; path = "NSString+URLEncoding.h"; sourceTree = "<group>"; };
		BD3B6AE112D8CEB2009D6DD2 /* NSString+URLEncoding.m */ = {isa = PBXFileReference; fileEncoding = 4; lastKnownFileType = sourcecode.c.objc; path = "NSString+URLEncoding.m"; sourceTree = "<group>"; };
		BD3B6AE212D8CEB2009D6DD2 /* NSURL+Base.h */ = {isa = PBXFileReference; fileEncoding = 4; lastKnownFileType = sourcecode.c.h; path = "NSURL+Base.h"; sourceTree = "<group>"; };
		BD3B6AE312D8CEB2009D6DD2 /* NSURL+Base.m */ = {isa = PBXFileReference; fileEncoding = 4; lastKnownFileType = sourcecode.c.objc; path = "NSURL+Base.m"; sourceTree = "<group>"; };
		BD3B6AE512D8CEB2009D6DD2 /* Base64Transcoder.m */ = {isa = PBXFileReference; fileEncoding = 4; lastKnownFileType = sourcecode.c.objc; path = Base64Transcoder.m; sourceTree = "<group>"; };
		BD3B6AE612D8CEB2009D6DD2 /* Base64Transcoder.h */ = {isa = PBXFileReference; fileEncoding = 4; lastKnownFileType = sourcecode.c.h; path = Base64Transcoder.h; sourceTree = "<group>"; };
		BD3B6AE712D8CEB2009D6DD2 /* OAAsynchronousDataFetcher.h */ = {isa = PBXFileReference; fileEncoding = 4; lastKnownFileType = sourcecode.c.h; path = OAAsynchronousDataFetcher.h; sourceTree = "<group>"; };
		BD3B6AE812D8CEB2009D6DD2 /* OAAsynchronousDataFetcher.m */ = {isa = PBXFileReference; fileEncoding = 4; lastKnownFileType = sourcecode.c.objc; path = OAAsynchronousDataFetcher.m; sourceTree = "<group>"; };
		BD3B6AE912D8CEB2009D6DD2 /* OAConsumer.h */ = {isa = PBXFileReference; fileEncoding = 4; lastKnownFileType = sourcecode.c.h; path = OAConsumer.h; sourceTree = "<group>"; };
		BD3B6AEA12D8CEB2009D6DD2 /* OAConsumer.m */ = {isa = PBXFileReference; fileEncoding = 4; lastKnownFileType = sourcecode.c.objc; path = OAConsumer.m; sourceTree = "<group>"; };
		BD3B6AEB12D8CEB2009D6DD2 /* OADataFetcher.h */ = {isa = PBXFileReference; fileEncoding = 4; lastKnownFileType = sourcecode.c.h; path = OADataFetcher.h; sourceTree = "<group>"; };
		BD3B6AEC12D8CEB2009D6DD2 /* OADataFetcher.m */ = {isa = PBXFileReference; fileEncoding = 4; lastKnownFileType = sourcecode.c.objc; path = OADataFetcher.m; sourceTree = "<group>"; };
		BD3B6AED12D8CEB2009D6DD2 /* OAHMAC_SHA1SignatureProvider.h */ = {isa = PBXFileReference; fileEncoding = 4; lastKnownFileType = sourcecode.c.h; path = OAHMAC_SHA1SignatureProvider.h; sourceTree = "<group>"; };
		BD3B6AEE12D8CEB2009D6DD2 /* OAHMAC_SHA1SignatureProvider.m */ = {isa = PBXFileReference; fileEncoding = 4; lastKnownFileType = sourcecode.c.objc; path = OAHMAC_SHA1SignatureProvider.m; sourceTree = "<group>"; };
		BD3B6AEF12D8CEB2009D6DD2 /* OAMutableURLRequest.h */ = {isa = PBXFileReference; fileEncoding = 4; lastKnownFileType = sourcecode.c.h; path = OAMutableURLRequest.h; sourceTree = "<group>"; };
		BD3B6AF012D8CEB2009D6DD2 /* OAMutableURLRequest.m */ = {isa = PBXFileReference; fileEncoding = 4; lastKnownFileType = sourcecode.c.objc; path = OAMutableURLRequest.m; sourceTree = "<group>"; };
		BD3B6AF112D8CEB2009D6DD2 /* OAPlaintextSignatureProvider.h */ = {isa = PBXFileReference; fileEncoding = 4; lastKnownFileType = sourcecode.c.h; path = OAPlaintextSignatureProvider.h; sourceTree = "<group>"; };
		BD3B6AF212D8CEB2009D6DD2 /* OAPlaintextSignatureProvider.m */ = {isa = PBXFileReference; fileEncoding = 4; lastKnownFileType = sourcecode.c.objc; path = OAPlaintextSignatureProvider.m; sourceTree = "<group>"; };
		BD3B6AF312D8CEB2009D6DD2 /* OARequestParameter.h */ = {isa = PBXFileReference; fileEncoding = 4; lastKnownFileType = sourcecode.c.h; path = OARequestParameter.h; sourceTree = "<group>"; };
		BD3B6AF412D8CEB2009D6DD2 /* OARequestParameter.m */ = {isa = PBXFileReference; fileEncoding = 4; lastKnownFileType = sourcecode.c.objc; path = OARequestParameter.m; sourceTree = "<group>"; };
		BD3B6AF512D8CEB2009D6DD2 /* OAServiceTicket.h */ = {isa = PBXFileReference; fileEncoding = 4; lastKnownFileType = sourcecode.c.h; path = OAServiceTicket.h; sourceTree = "<group>"; };
		BD3B6AF612D8CEB2009D6DD2 /* OAServiceTicket.m */ = {isa = PBXFileReference; fileEncoding = 4; lastKnownFileType = sourcecode.c.objc; path = OAServiceTicket.m; sourceTree = "<group>"; };
		BD3B6AF712D8CEB2009D6DD2 /* OAToken.h */ = {isa = PBXFileReference; fileEncoding = 4; lastKnownFileType = sourcecode.c.h; path = OAToken.h; sourceTree = "<group>"; };
		BD3B6AF812D8CEB2009D6DD2 /* OAToken.m */ = {isa = PBXFileReference; fileEncoding = 4; lastKnownFileType = sourcecode.c.objc; path = OAToken.m; sourceTree = "<group>"; };
		BD3B6AF912D8CEB2009D6DD2 /* OAuthConsumer.h */ = {isa = PBXFileReference; fileEncoding = 4; lastKnownFileType = sourcecode.c.h; path = OAuthConsumer.h; sourceTree = "<group>"; };
		BD3B6B3312D8D07E009D6DD2 /* HmacOAuthRequest.h */ = {isa = PBXFileReference; fileEncoding = 4; lastKnownFileType = sourcecode.c.h; path = HmacOAuthRequest.h; sourceTree = "<group>"; };
		BD3B6B3412D8D07E009D6DD2 /* HmacOAuthRequest.m */ = {isa = PBXFileReference; fileEncoding = 4; lastKnownFileType = sourcecode.c.objc; path = HmacOAuthRequest.m; sourceTree = "<group>"; };
		BD3B6D8912D8F542009D6DD2 /* LOAuth.h */ = {isa = PBXFileReference; fileEncoding = 4; lastKnownFileType = sourcecode.c.h; path = LOAuth.h; sourceTree = "<group>"; };
		BD3B6D8A12D8F542009D6DD2 /* LOAuth.m */ = {isa = PBXFileReference; fileEncoding = 4; lastKnownFileType = sourcecode.c.objc; path = LOAuth.m; sourceTree = "<group>"; };
		BD626B9912DC18790058C6AA /* QUserInfoRequest.h */ = {isa = PBXFileReference; fileEncoding = 4; lastKnownFileType = sourcecode.c.h; path = QUserInfoRequest.h; sourceTree = "<group>"; };
		BD626B9A12DC18790058C6AA /* QUserInfoRequest.m */ = {isa = PBXFileReference; fileEncoding = 4; lastKnownFileType = sourcecode.c.objc; path = QUserInfoRequest.m; sourceTree = "<group>"; };
		BD626CE912DC264B0058C6AA /* JSON.h */ = {isa = PBXFileReference; fileEncoding = 4; lastKnownFileType = sourcecode.c.h; path = JSON.h; sourceTree = "<group>"; };
		BD626CEA12DC264B0058C6AA /* NSObject+JSON.h */ = {isa = PBXFileReference; fileEncoding = 4; lastKnownFileType = sourcecode.c.h; path = "NSObject+JSON.h"; sourceTree = "<group>"; };
		BD626CEB12DC264B0058C6AA /* NSObject+JSON.m */ = {isa = PBXFileReference; fileEncoding = 4; lastKnownFileType = sourcecode.c.objc; path = "NSObject+JSON.m"; sourceTree = "<group>"; };
		BD626CEC12DC264B0058C6AA /* SBJsonWriter.h */ = {isa = PBXFileReference; fileEncoding = 4; lastKnownFileType = sourcecode.c.h; path = SBJsonWriter.h; sourceTree = "<group>"; };
		BD626CED12DC264B0058C6AA /* SBJsonWriter.m */ = {isa = PBXFileReference; fileEncoding = 4; lastKnownFileType = sourcecode.c.objc; path = SBJsonWriter.m; sourceTree = "<group>"; };
		BD626CEE12DC264B0058C6AA /* SBJsonStreamWriter.h */ = {isa = PBXFileReference; fileEncoding = 4; lastKnownFileType = sourcecode.c.h; path = SBJsonStreamWriter.h; sourceTree = "<group>"; };
		BD626CEF12DC264B0058C6AA /* SBJsonStreamWriter.m */ = {isa = PBXFileReference; fileEncoding = 4; lastKnownFileType = sourcecode.c.objc; path = SBJsonStreamWriter.m; sourceTree = "<group>"; };
		BD626CF012DC264B0058C6AA /* SBJsonStreamWriterState.h */ = {isa = PBXFileReference; fileEncoding = 4; lastKnownFileType = sourcecode.c.h; path = SBJsonStreamWriterState.h; sourceTree = "<group>"; };
		BD626CF112DC264B0058C6AA /* SBJsonStreamWriterState.m */ = {isa = PBXFileReference; fileEncoding = 4; lastKnownFileType = sourcecode.c.objc; path = SBJsonStreamWriterState.m; sourceTree = "<group>"; };
		BD626CF212DC264B0058C6AA /* SBJsonTokeniser.h */ = {isa = PBXFileReference; fileEncoding = 4; lastKnownFileType = sourcecode.c.h; path = SBJsonTokeniser.h; sourceTree = "<group>"; };
		BD626CF312DC264B0058C6AA /* SBJsonTokeniser.m */ = {isa = PBXFileReference; fileEncoding = 4; lastKnownFileType = sourcecode.c.objc; path = SBJsonTokeniser.m; sourceTree = "<group>"; };
		BD626CF412DC264B0058C6AA /* SBJsonParser.h */ = {isa = PBXFileReference; fileEncoding = 4; lastKnownFileType = sourcecode.c.h; path = SBJsonParser.h; sourceTree = "<group>"; };
		BD626CF512DC264B0058C6AA /* SBJsonParser.m */ = {isa = PBXFileReference; fileEncoding = 4; lastKnownFileType = sourcecode.c.objc; path = SBJsonParser.m; sourceTree = "<group>"; };
		BD626CF612DC264B0058C6AA /* SBJsonStreamParser.h */ = {isa = PBXFileReference; fileEncoding = 4; lastKnownFileType = sourcecode.c.h; path = SBJsonStreamParser.h; sourceTree = "<group>"; };
		BD626CF712DC264B0058C6AA /* SBJsonStreamParser.m */ = {isa = PBXFileReference; fileEncoding = 4; lastKnownFileType = sourcecode.c.objc; path = SBJsonStreamParser.m; sourceTree = "<group>"; };
		BD626CF812DC264B0058C6AA /* SBJsonStreamParserState.h */ = {isa = PBXFileReference; fileEncoding = 4; lastKnownFileType = sourcecode.c.h; path = SBJsonStreamParserState.h; sourceTree = "<group>"; };
		BD626CF912DC264B0058C6AA /* SBJsonStreamParserState.m */ = {isa = PBXFileReference; fileEncoding = 4; lastKnownFileType = sourcecode.c.objc; path = SBJsonStreamParserState.m; sourceTree = "<group>"; };
		BD626CFA12DC264B0058C6AA /* SBJsonStreamParserAdapter.h */ = {isa = PBXFileReference; fileEncoding = 4; lastKnownFileType = sourcecode.c.h; path = SBJsonStreamParserAdapter.h; sourceTree = "<group>"; };
		BD626CFB12DC264B0058C6AA /* SBJsonStreamParserAdapter.m */ = {isa = PBXFileReference; fileEncoding = 4; lastKnownFileType = sourcecode.c.objc; path = SBJsonStreamParserAdapter.m; sourceTree = "<group>"; };
		BD626D3312DC285E0058C6AA /* NSObject+Collection.h */ = {isa = PBXFileReference; fileEncoding = 4; lastKnownFileType = sourcecode.c.h; path = "NSObject+Collection.h"; sourceTree = "<group>"; };
		BD626D3412DC285E0058C6AA /* NSObject+Collection.m */ = {isa = PBXFileReference; fileEncoding = 4; lastKnownFileType = sourcecode.c.objc; path = "NSObject+Collection.m"; sourceTree = "<group>"; };
		BD626DBE12DC2E840058C6AA /* ProfileController.h */ = {isa = PBXFileReference; fileEncoding = 4; lastKnownFileType = sourcecode.c.h; path = ProfileController.h; sourceTree = "<group>"; };
		BD626DBF12DC2E840058C6AA /* ProfileController.m */ = {isa = PBXFileReference; fileEncoding = 4; lastKnownFileType = sourcecode.c.objc; path = ProfileController.m; sourceTree = "<group>"; };
		BD626DC412DC2E990058C6AA /* ProfilePanel.xib */ = {isa = PBXFileReference; lastKnownFileType = file.xib; path = ProfilePanel.xib; sourceTree = "<group>"; };
		BD7801E212DAB29B00F95021 /* TimelineRequestTest.m */ = {isa = PBXFileReference; fileEncoding = 4; lastKnownFileType = sourcecode.c.objc; path = TimelineRequestTest.m; sourceTree = "<group>"; };
		BD78078012DADDFD00F95021 /* GHUnitTestMain.m */ = {isa = PBXFileReference; fileEncoding = 4; lastKnownFileType = sourcecode.c.objc; path = GHUnitTestMain.m; sourceTree = "<group>"; };
		BD78078212DADE0B00F95021 /* MyTest.m */ = {isa = PBXFileReference; fileEncoding = 4; lastKnownFileType = sourcecode.c.objc; path = MyTest.m; sourceTree = "<group>"; };
		BD7807D312DADF5900F95021 /* UnitTest.app */ = {isa = PBXFileReference; explicitFileType = wrapper.application; includeInIndex = 0; path = UnitTest.app; sourceTree = BUILT_PRODUCTS_DIR; };
		BD78084312DAE16600F95021 /* GHUnit.framework */ = {isa = PBXFileReference; lastKnownFileType = wrapper.framework; name = GHUnit.framework; path = Library/Frameworks/GHUnit.framework; sourceTree = SDKROOT; };
		BD7809EF12DAF00D00F95021 /* OAuthTest.m */ = {isa = PBXFileReference; fileEncoding = 4; lastKnownFileType = sourcecode.c.objc; path = OAuthTest.m; sourceTree = "<group>"; };
		BD780B0B12DB016500F95021 /* News.h */ = {isa = PBXFileReference; fileEncoding = 4; lastKnownFileType = sourcecode.c.h; path = News.h; sourceTree = "<group>"; };
		BD780B0C12DB016500F95021 /* News.m */ = {isa = PBXFileReference; fileEncoding = 4; lastKnownFileType = sourcecode.c.objc; path = News.m; sourceTree = "<group>"; };
		BD780B1412DB01DE00F95021 /* User.h */ = {isa = PBXFileReference; fileEncoding = 4; lastKnownFileType = sourcecode.c.h; path = User.h; sourceTree = "<group>"; };
		BD780B1512DB01DE00F95021 /* User.m */ = {isa = PBXFileReference; fileEncoding = 4; lastKnownFileType = sourcecode.c.objc; path = User.m; sourceTree = "<group>"; };
		BD780B5712DB081A00F95021 /* News.xcclassmodel */ = {isa = PBXFileReference; lastKnownFileType = wrapper.xcclassmodel; path = News.xcclassmodel; sourceTree = "<group>"; };
		BD780B5B12DB08E000F95021 /* NewsViewController.h */ = {isa = PBXFileReference; fileEncoding = 4; lastKnownFileType = sourcecode.c.h; path = NewsViewController.h; sourceTree = "<group>"; };
		BD780B5C12DB08E000F95021 /* NewsViewController.m */ = {isa = PBXFileReference; fileEncoding = 4; lastKnownFileType = sourcecode.c.objc; path = NewsViewController.m; sourceTree = "<group>"; };
		BD780BA012DB0C6D00F95021 /* QuartzCore.framework */ = {isa = PBXFileReference; lastKnownFileType = wrapper.framework; name = QuartzCore.framework; path = System/Library/Frameworks/QuartzCore.framework; sourceTree = SDKROOT; };
		BD78FFF812DAA84100F95021 /* UnitTest-Info.plist */ = {isa = PBXFileReference; lastKnownFileType = text.plist.xml; path = "UnitTest-Info.plist"; sourceTree = "<group>"; };
		BDA142F512DC54FC009A7149 /* CoreData.framework */ = {isa = PBXFileReference; lastKnownFileType = wrapper.framework; name = CoreData.framework; path = System/Library/Frameworks/CoreData.framework; sourceTree = SDKROOT; };
/* End PBXFileReference section */

/* Begin PBXFrameworksBuildPhase section */
		8D15AC330486D014006FF6A4 /* Frameworks */ = {
			isa = PBXFrameworksBuildPhase;
			buildActionMask = 2147483647;
			files = (
				BD78087212DAE2D800F95021 /* Foundation.framework in Frameworks */,
				BD78087312DAE2D800F95021 /* CoreData.framework in Frameworks */,
				BD78087412DAE2D800F95021 /* AppKit.framework in Frameworks */,
				775DFF38067A968500C5B868 /* Cocoa.framework in Frameworks */,
				BD345BFC12D9584F00A6FE83 /* WebKit.framework in Frameworks */,
				BD780BA112DB0C6D00F95021 /* QuartzCore.framework in Frameworks */,
			);
			runOnlyForDeploymentPostprocessing = 0;
		};
		BD7807D112DADF5900F95021 /* Frameworks */ = {
			isa = PBXFrameworksBuildPhase;
			buildActionMask = 2147483647;
			files = (
				BD78084412DAE16600F95021 /* GHUnit.framework in Frameworks */,
				BDA142F612DC54FC009A7149 /* CoreData.framework in Frameworks */,
			);
			runOnlyForDeploymentPostprocessing = 0;
		};
/* End PBXFrameworksBuildPhase section */

/* Begin PBXGroup section */
		1058C7A6FEA54F5311CA2CBB /* Linked Frameworks */ = {
			isa = PBXGroup;
			children = (
				BD78084312DAE16600F95021 /* GHUnit.framework */,
				BD780BA012DB0C6D00F95021 /* QuartzCore.framework */,
				1058C7A7FEA54F5311CA2CBB /* Cocoa.framework */,
				BD345BFB12D9584F00A6FE83 /* WebKit.framework */,
				BDA142F512DC54FC009A7149 /* CoreData.framework */,
			);
			name = "Linked Frameworks";
			sourceTree = "<group>";
		};
		1058C7A8FEA54F5311CA2CBB /* Other Frameworks */ = {
			isa = PBXGroup;
			children = (
				BD626CE812DC264B0058C6AA /* JSON */,
				BD3B6ADB12D8CEB2009D6DD2 /* Oauth */,
				2A37F4C5FDCFA73011CA2CEA /* Foundation.framework */,
				7788DA0506752A1600599AAD /* CoreData.framework */,
				2A37F4C4FDCFA73011CA2CEA /* AppKit.framework */,
			);
			name = "Other Frameworks";
			sourceTree = "<group>";
		};
		19C28FB0FE9D524F11CA2CBB /* Products */ = {
			isa = PBXGroup;
			children = (
				8D15AC370486D014006FF6A4 /* WaQQ.app */,
				BD7807D312DADF5900F95021 /* UnitTest.app */,
			);
			name = Products;
			sourceTree = "<group>";
		};
		2A37F4AAFDCFA73011CA2CEA /* WaQQ */ = {
			isa = PBXGroup;
			children = (
				BD7800B412DAA97600F95021 /* UnitTest */,
				E1B74B1A0667B4A90069E3BA /* Models */,
				2A37F4ABFDCFA73011CA2CEA /* Classes */,
				2A37F4AFFDCFA73011CA2CEA /* Other Sources */,
				2A37F4B8FDCFA73011CA2CEA /* Resources */,
				2A37F4C3FDCFA73011CA2CEA /* Frameworks */,
				19C28FB0FE9D524F11CA2CBB /* Products */,
				BD78FFF812DAA84100F95021 /* UnitTest-Info.plist */,
				BD015D9012DCB02E00473CAB /* TASK.txt */,
			);
			name = WaQQ;
			sourceTree = "<group>";
		};
		2A37F4ABFDCFA73011CA2CEA /* Classes */ = {
			isa = PBXGroup;
			children = (
				BD626D3712DC28660058C6AA /* Category */,
				BD3B677B12D87C30009D6DD2 /* QQOAuth */,
				BD780B0812DB00E000F95021 /* NewViewController */,
				BD345C1212D95B2400A6FE83 /* AppDelegate.h */,
				BD345C1312D95B2400A6FE83 /* AppDelegate.m */,
				BD345C1E12D95C3F00A6FE83 /* RootWindowController.h */,
				BD345C1F12D95C3F00A6FE83 /* RootWindowController.m */,
				BD345C8012D95E3100A6FE83 /* MainWindow.xib */,
				BD626DBE12DC2E840058C6AA /* ProfileController.h */,
				BD626DBF12DC2E840058C6AA /* ProfileController.m */,
				BD626DC412DC2E990058C6AA /* ProfilePanel.xib */,
				BD015DB812DCB22A00473CAB /* NewViewController */,
			);
			name = Classes;
			sourceTree = "<group>";
		};
		2A37F4AFFDCFA73011CA2CEA /* Other Sources */ = {
			isa = PBXGroup;
			children = (
				32DBCF750370BD2300C91783 /* WaQQ_Prefix.pch */,
				BD3B67BD12D8816B009D6DD2 /* RLog.h */,
				2A37F4B0FDCFA73011CA2CEA /* main.m */,
			);
			name = "Other Sources";
			sourceTree = "<group>";
		};
		2A37F4B8FDCFA73011CA2CEA /* Resources */ = {
			isa = PBXGroup;
			children = (
				2F7446A70DB6BCF400F9684A /* MainMenu.xib */,
				2A37F4B9FDCFA73011CA2CEA /* Credits.rtf */,
				8D15AC360486D014006FF6A4 /* WaQQ-Info.plist */,
				089C165FFE840EACC02AAC07 /* InfoPlist.strings */,
			);
			name = Resources;
			sourceTree = "<group>";
		};
		2A37F4C3FDCFA73011CA2CEA /* Frameworks */ = {
			isa = PBXGroup;
			children = (
				1058C7A6FEA54F5311CA2CBB /* Linked Frameworks */,
				1058C7A8FEA54F5311CA2CBB /* Other Frameworks */,
			);
			name = Frameworks;
			sourceTree = "<group>";
		};
		BD015DB812DCB22A00473CAB /* NewViewController */ = {
			isa = PBXGroup;
			children = (
				BD015DAF12DCB1AA00473CAB /* PostViewController.h */,
				BD015DB012DCB1AA00473CAB /* PostViewController.m */,
			);
			name = NewViewController;
			sourceTree = "<group>";
		};
		BD3B677B12D87C30009D6DD2 /* QQOAuth */ = {
			isa = PBXGroup;
			children = (
				BD3B677E12D87C45009D6DD2 /* Key.h */,
				BD3B6D8912D8F542009D6DD2 /* LOAuth.h */,
				BD3B6D8A12D8F542009D6DD2 /* LOAuth.m */,
				BD345FDA12DA063800A6FE83 /* QQRequest.h */,
				BD345FDB12DA063800A6FE83 /* QQRequest.m */,
				BD626B9912DC18790058C6AA /* QUserInfoRequest.h */,
				BD626B9A12DC18790058C6AA /* QUserInfoRequest.m */,
				BD015E6112DCBA4E00473CAB /* QMessagePoster.h */,
				BD015E6212DCBA4E00473CAB /* QMessagePoster.m */,
				BD345D7612D96BC700A6FE83 /* LOAuthController.xib */,
				BD3B6D3F12D8F081009D6DD2 /* NO USE */,
			);
			name = QQOAuth;
			sourceTree = "<group>";
		};
		BD3B6ADB12D8CEB2009D6DD2 /* Oauth */ = {
			isa = PBXGroup;
			children = (
				BD3B6ADC12D8CEB2009D6DD2 /* OASignatureProviding.h */,
				BD3B6ADD12D8CEB2009D6DD2 /* Category */,
				BD3B6AE412D8CEB2009D6DD2 /* Crypto */,
				BD3B6AE712D8CEB2009D6DD2 /* OAAsynchronousDataFetcher.h */,
				BD3B6AE812D8CEB2009D6DD2 /* OAAsynchronousDataFetcher.m */,
				BD3B6AE912D8CEB2009D6DD2 /* OAConsumer.h */,
				BD3B6AEA12D8CEB2009D6DD2 /* OAConsumer.m */,
				BD3B6AEB12D8CEB2009D6DD2 /* OADataFetcher.h */,
				BD3B6AEC12D8CEB2009D6DD2 /* OADataFetcher.m */,
				BD3B6AED12D8CEB2009D6DD2 /* OAHMAC_SHA1SignatureProvider.h */,
				BD3B6AEE12D8CEB2009D6DD2 /* OAHMAC_SHA1SignatureProvider.m */,
				BD3B6AEF12D8CEB2009D6DD2 /* OAMutableURLRequest.h */,
				BD3B6AF012D8CEB2009D6DD2 /* OAMutableURLRequest.m */,
				BD3B6AF112D8CEB2009D6DD2 /* OAPlaintextSignatureProvider.h */,
				BD3B6AF212D8CEB2009D6DD2 /* OAPlaintextSignatureProvider.m */,
				BD3B6AF312D8CEB2009D6DD2 /* OARequestParameter.h */,
				BD3B6AF412D8CEB2009D6DD2 /* OARequestParameter.m */,
				BD3B6AF512D8CEB2009D6DD2 /* OAServiceTicket.h */,
				BD3B6AF612D8CEB2009D6DD2 /* OAServiceTicket.m */,
				BD3B6AF712D8CEB2009D6DD2 /* OAToken.h */,
				BD3B6AF812D8CEB2009D6DD2 /* OAToken.m */,
				BD3B6AF912D8CEB2009D6DD2 /* OAuthConsumer.h */,
			);
			path = Oauth;
			sourceTree = "<group>";
		};
		BD3B6ADD12D8CEB2009D6DD2 /* Category */ = {
			isa = PBXGroup;
			children = (
				BD3B679912D87DBC009D6DD2 /* NSString+Catalog.h */,
				BD3B679A12D87DBC009D6DD2 /* NSString+Catalog.m */,
				BD3B6ADE12D8CEB2009D6DD2 /* NSMutableURLRequest+Parameters.h */,
				BD3B6ADF12D8CEB2009D6DD2 /* NSMutableURLRequest+Parameters.m */,
				BD3B6AE012D8CEB2009D6DD2 /* NSString+URLEncoding.h */,
				BD3B6AE112D8CEB2009D6DD2 /* NSString+URLEncoding.m */,
				BD3B6AE212D8CEB2009D6DD2 /* NSURL+Base.h */,
				BD3B6AE312D8CEB2009D6DD2 /* NSURL+Base.m */,
			);
			path = Category;
			sourceTree = "<group>";
		};
		BD3B6AE412D8CEB2009D6DD2 /* Crypto */ = {
			isa = PBXGroup;
			children = (
				BD3B6AE512D8CEB2009D6DD2 /* Base64Transcoder.m */,
				BD3B6AE612D8CEB2009D6DD2 /* Base64Transcoder.h */,
			);
			path = Crypto;
			sourceTree = "<group>";
		};
		BD3B6D3F12D8F081009D6DD2 /* NO USE */ = {
			isa = PBXGroup;
			children = (
				BD3B682E12D896F4009D6DD2 /* Signaturer.h */,
				BD3B682F12D896F4009D6DD2 /* Signaturer.m */,
				BD3B6B3312D8D07E009D6DD2 /* HmacOAuthRequest.h */,
				BD3B6B3412D8D07E009D6DD2 /* HmacOAuthRequest.m */,
				BD3B67FC12D889B3009D6DD2 /* LOAuthRequest.h */,
				BD3B67FD12D889B3009D6DD2 /* LOAuthRequest.m */,
			);
			name = "NO USE";
			sourceTree = "<group>";
		};
		BD626CE812DC264B0058C6AA /* JSON */ = {
			isa = PBXGroup;
			children = (
				BD626CE912DC264B0058C6AA /* JSON.h */,
				BD626CEA12DC264B0058C6AA /* NSObject+JSON.h */,
				BD626CEB12DC264B0058C6AA /* NSObject+JSON.m */,
				BD626CEC12DC264B0058C6AA /* SBJsonWriter.h */,
				BD626CED12DC264B0058C6AA /* SBJsonWriter.m */,
				BD626CEE12DC264B0058C6AA /* SBJsonStreamWriter.h */,
				BD626CEF12DC264B0058C6AA /* SBJsonStreamWriter.m */,
				BD626CF012DC264B0058C6AA /* SBJsonStreamWriterState.h */,
				BD626CF112DC264B0058C6AA /* SBJsonStreamWriterState.m */,
				BD626CF212DC264B0058C6AA /* SBJsonTokeniser.h */,
				BD626CF312DC264B0058C6AA /* SBJsonTokeniser.m */,
				BD626CF412DC264B0058C6AA /* SBJsonParser.h */,
				BD626CF512DC264B0058C6AA /* SBJsonParser.m */,
				BD626CF612DC264B0058C6AA /* SBJsonStreamParser.h */,
				BD626CF712DC264B0058C6AA /* SBJsonStreamParser.m */,
				BD626CF812DC264B0058C6AA /* SBJsonStreamParserState.h */,
				BD626CF912DC264B0058C6AA /* SBJsonStreamParserState.m */,
				BD626CFA12DC264B0058C6AA /* SBJsonStreamParserAdapter.h */,
				BD626CFB12DC264B0058C6AA /* SBJsonStreamParserAdapter.m */,
			);
			name = JSON;
			path = Classes;
			sourceTree = "<group>";
		};
		BD626D3712DC28660058C6AA /* Category */ = {
			isa = PBXGroup;
			children = (
				BD626D3312DC285E0058C6AA /* NSObject+Collection.h */,
				BD626D3412DC285E0058C6AA /* NSObject+Collection.m */,
			);
			name = Category;
			sourceTree = "<group>";
		};
		BD7800B412DAA97600F95021 /* UnitTest */ = {
			isa = PBXGroup;
			children = (
				BD78078012DADDFD00F95021 /* GHUnitTestMain.m */,
				BD78078212DADE0B00F95021 /* MyTest.m */,
				BD7809EF12DAF00D00F95021 /* OAuthTest.m */,
				BD7801E212DAB29B00F95021 /* TimelineRequestTest.m */,
			);
			path = UnitTest;
			sourceTree = "<group>";
		};
		BD780B0812DB00E000F95021 /* NewViewController */ = {
			isa = PBXGroup;
			children = (
				BD780B5712DB081A00F95021 /* News.xcclassmodel */,
				BD780B5B12DB08E000F95021 /* NewsViewController.h */,
				BD780B5C12DB08E000F95021 /* NewsViewController.m */,
				BD015DC712DCB2C000473CAB /* NewsCell.h */,
				BD015DC812DCB2C000473CAB /* NewsCell.m */,
			);
			name = NewViewController;
			sourceTree = "<group>";
		};
		E1B74B1A0667B4A90069E3BA /* Models */ = {
			isa = PBXGroup;
			children = (
				BD780B0B12DB016500F95021 /* News.h */,
				BD780B0C12DB016500F95021 /* News.m */,
				BD780B1412DB01DE00F95021 /* User.h */,
				BD780B1512DB01DE00F95021 /* User.m */,
				775BDEF0067A8BF0009058FE /* RootDocument.xcdatamodel */,
			);
			name = Models;
			sourceTree = "<group>";
		};
/* End PBXGroup section */

/* Begin PBXNativeTarget section */
		8D15AC270486D014006FF6A4 /* WaQQ */ = {
			isa = PBXNativeTarget;
			buildConfigurationList = 26FC0AA50875C8B900E6366F /* Build configuration list for PBXNativeTarget "WaQQ" */;
			buildPhases = (
				8D15AC2B0486D014006FF6A4 /* Resources */,
				8D15AC300486D014006FF6A4 /* Sources */,
				8D15AC330486D014006FF6A4 /* Frameworks */,
			);
			buildRules = (
			);
			dependencies = (
			);
			name = WaQQ;
			productInstallPath = "$(HOME)/Applications";
			productName = WaQQ;
			productReference = 8D15AC370486D014006FF6A4 /* WaQQ.app */;
			productType = "com.apple.product-type.application";
		};
		BD7807D212DADF5900F95021 /* UnitTest */ = {
			isa = PBXNativeTarget;
			buildConfigurationList = BD7807E212DADF7A00F95021 /* Build configuration list for PBXNativeTarget "UnitTest" */;
			buildPhases = (
				BD7807CF12DADF5900F95021 /* Resources */,
				BD7807D012DADF5900F95021 /* Sources */,
				BD7807D112DADF5900F95021 /* Frameworks */,
			);
			buildRules = (
			);
			dependencies = (
			);
			name = UnitTest;
			productName = UnitTest;
			productReference = BD7807D312DADF5900F95021 /* UnitTest.app */;
			productType = "com.apple.product-type.application";
		};
/* End PBXNativeTarget section */

/* Begin PBXProject section */
		2A37F4A9FDCFA73011CA2CEA /* Project object */ = {
			isa = PBXProject;
			buildConfigurationList = 26FC0AA90875C8B900E6366F /* Build configuration list for PBXProject "WaQQ" */;
			compatibilityVersion = "Xcode 3.1";
			developmentRegion = English;
			hasScannedForEncodings = 1;
			knownRegions = (
				English,
				Japanese,
				French,
				German,
				en,
			);
			mainGroup = 2A37F4AAFDCFA73011CA2CEA /* WaQQ */;
			projectDirPath = "";
			projectRoot = "";
			targets = (
				8D15AC270486D014006FF6A4 /* WaQQ */,
				BD7807D212DADF5900F95021 /* UnitTest */,
			);
		};
/* End PBXProject section */

/* Begin PBXResourcesBuildPhase section */
		8D15AC2B0486D014006FF6A4 /* Resources */ = {
			isa = PBXResourcesBuildPhase;
			buildActionMask = 2147483647;
			files = (
				8D15AC2C0486D014006FF6A4 /* Credits.rtf in Resources */,
				8D15AC2F0486D014006FF6A4 /* InfoPlist.strings in Resources */,
				2F7446AB0DB6BCF400F9684A /* MainMenu.xib in Resources */,
				BD345C8112D95E3100A6FE83 /* MainWindow.xib in Resources */,
				BD345D7712D96BC700A6FE83 /* LOAuthController.xib in Resources */,
				BD780B5812DB081A00F95021 /* News.xcclassmodel in Resources */,
				BD626DC612DC2E990058C6AA /* ProfilePanel.xib in Resources */,
			);
			runOnlyForDeploymentPostprocessing = 0;
		};
		BD7807CF12DADF5900F95021 /* Resources */ = {
			isa = PBXResourcesBuildPhase;
			buildActionMask = 2147483647;
			files = (
				BD626DC512DC2E990058C6AA /* ProfilePanel.xib in Resources */,
			);
			runOnlyForDeploymentPostprocessing = 0;
		};
/* End PBXResourcesBuildPhase section */

/* Begin PBXSourcesBuildPhase section */
		8D15AC300486D014006FF6A4 /* Sources */ = {
			isa = PBXSourcesBuildPhase;
			buildActionMask = 2147483647;
			files = (
				8D15AC320486D014006FF6A4 /* main.m in Sources */,
				775BDEF1067A8BF0009058FE /* RootDocument.xcdatamodel in Sources */,
				BD3B679B12D87DBC009D6DD2 /* NSString+Catalog.m in Sources */,
				BD3B67FE12D889B3009D6DD2 /* LOAuthRequest.m in Sources */,
				BD3B683012D896F4009D6DD2 /* Signaturer.m in Sources */,
				BD3B6AFA12D8CEB2009D6DD2 /* NSMutableURLRequest+Parameters.m in Sources */,
				BD3B6AFB12D8CEB2009D6DD2 /* NSString+URLEncoding.m in Sources */,
				BD3B6AFC12D8CEB2009D6DD2 /* NSURL+Base.m in Sources */,
				BD3B6AFD12D8CEB2009D6DD2 /* Base64Transcoder.m in Sources */,
				BD3B6AFE12D8CEB2009D6DD2 /* OAAsynchronousDataFetcher.m in Sources */,
				BD3B6AFF12D8CEB2009D6DD2 /* OAConsumer.m in Sources */,
				BD3B6B0012D8CEB2009D6DD2 /* OADataFetcher.m in Sources */,
				BD3B6B0112D8CEB2009D6DD2 /* OAHMAC_SHA1SignatureProvider.m in Sources */,
				BD3B6B0212D8CEB2009D6DD2 /* OAMutableURLRequest.m in Sources */,
				BD3B6B0312D8CEB2009D6DD2 /* OAPlaintextSignatureProvider.m in Sources */,
				BD3B6B0412D8CEB2009D6DD2 /* OARequestParameter.m in Sources */,
				BD3B6B0512D8CEB2009D6DD2 /* OAServiceTicket.m in Sources */,
				BD3B6B0612D8CEB2009D6DD2 /* OAToken.m in Sources */,
				BD3B6B3512D8D07E009D6DD2 /* HmacOAuthRequest.m in Sources */,
				BD3B6D8B12D8F542009D6DD2 /* LOAuth.m in Sources */,
				BD345C1412D95B2400A6FE83 /* AppDelegate.m in Sources */,
				BD345C2012D95C3F00A6FE83 /* RootWindowController.m in Sources */,
				BD345FDC12DA063800A6FE83 /* QQRequest.m in Sources */,
				BD780B0D12DB016500F95021 /* News.m in Sources */,
				BD780B1612DB01DE00F95021 /* User.m in Sources */,
				BD780B5D12DB08E000F95021 /* NewsViewController.m in Sources */,
				BD626B9B12DC18790058C6AA /* QUserInfoRequest.m in Sources */,
				BD626CFC12DC264B0058C6AA /* NSObject+JSON.m in Sources */,
				BD626CFD12DC264B0058C6AA /* SBJsonWriter.m in Sources */,
				BD626CFE12DC264B0058C6AA /* SBJsonStreamWriter.m in Sources */,
				BD626CFF12DC264B0058C6AA /* SBJsonStreamWriterState.m in Sources */,
				BD626D0012DC264B0058C6AA /* SBJsonTokeniser.m in Sources */,
				BD626D0112DC264B0058C6AA /* SBJsonParser.m in Sources */,
				BD626D0212DC264B0058C6AA /* SBJsonStreamParser.m in Sources */,
				BD626D0312DC264B0058C6AA /* SBJsonStreamParserState.m in Sources */,
				BD626D0412DC264B0058C6AA /* SBJsonStreamParserAdapter.m in Sources */,
				BD626D3612DC285E0058C6AA /* NSObject+Collection.m in Sources */,
				BD626DC012DC2E840058C6AA /* ProfileController.m in Sources */,
				BD015DB112DCB1AA00473CAB /* PostViewController.m in Sources */,
				BD015DC912DCB2C000473CAB /* NewsCell.m in Sources */,
				BD015E6312DCBA4E00473CAB /* QMessagePoster.m in Sources */,
			);
			runOnlyForDeploymentPostprocessing = 0;
		};
		BD7807D012DADF5900F95021 /* Sources */ = {
			isa = PBXSourcesBuildPhase;
			buildActionMask = 2147483647;
			files = (
				BD780A2D12DAF1FD00F95021 /* NSMutableURLRequest+Parameters.m in Sources */,
				BD780A2E12DAF1FD00F95021 /* NSString+URLEncoding.m in Sources */,
				BD780A2F12DAF1FD00F95021 /* NSURL+Base.m in Sources */,
				BD780A2112DAF1AC00F95021 /* NSString+Catalog.m in Sources */,
				BD78098E12DAEA3700F95021 /* Base64Transcoder.m in Sources */,
				BD78098912DAEA0C00F95021 /* OAConsumer.m in Sources */,
				BD78098A12DAEA0C00F95021 /* OADataFetcher.m in Sources */,
				BD78098B12DAEA0C00F95021 /* OAHMAC_SHA1SignatureProvider.m in Sources */,
				BD78098212DAE96700F95021 /* OAMutableURLRequest.m in Sources */,
				BD78097412DAE94600F95021 /* OAPlaintextSignatureProvider.m in Sources */,
				BD78096712DAE92000F95021 /* OARequestParameter.m in Sources */,
				BD78095A12DAE90900F95021 /* OAServiceTicket.m in Sources */,
				BD78094C12DAE8F900F95021 /* OAToken.m in Sources */,
				BD7807D812DADF7500F95021 /* MyTest.m in Sources */,
				BD7807E312DADF7F00F95021 /* GHUnitTestMain.m in Sources */,
				BD7809CC12DAEC9600F95021 /* TimelineRequestTest.m in Sources */,
				BD7809CF12DAECB700F95021 /* QQRequest.m in Sources */,
				BD7809D012DAECBF00F95021 /* LOAuth.m in Sources */,
				BD7809F012DAF00D00F95021 /* OAuthTest.m in Sources */,
				BD626BDF12DC1F460058C6AA /* QUserInfoRequest.m in Sources */,
				BD626BE412DC1FD40058C6AA /* OAAsynchronousDataFetcher.m in Sources */,
				BD626D0512DC264B0058C6AA /* NSObject+JSON.m in Sources */,
				BD626D0612DC264B0058C6AA /* SBJsonWriter.m in Sources */,
				BD626D0712DC264B0058C6AA /* SBJsonStreamWriter.m in Sources */,
				BD626D0812DC264B0058C6AA /* SBJsonStreamWriterState.m in Sources */,
				BD626D0912DC264B0058C6AA /* SBJsonTokeniser.m in Sources */,
				BD626D0A12DC264B0058C6AA /* SBJsonParser.m in Sources */,
				BD626D0B12DC264B0058C6AA /* SBJsonStreamParser.m in Sources */,
				BD626D0C12DC264B0058C6AA /* SBJsonStreamParserState.m in Sources */,
				BD626D0D12DC264B0058C6AA /* SBJsonStreamParserAdapter.m in Sources */,
				BD626D3512DC285E0058C6AA /* NSObject+Collection.m in Sources */,
				BD626DC112DC2E840058C6AA /* ProfileController.m in Sources */,
				BDA142E012DC54AE009A7149 /* User.m in Sources */,
				BDA142E112DC54B2009A7149 /* News.m in Sources */,
			);
			runOnlyForDeploymentPostprocessing = 0;
		};
/* End PBXSourcesBuildPhase section */

/* Begin PBXVariantGroup section */
		089C165FFE840EACC02AAC07 /* InfoPlist.strings */ = {
			isa = PBXVariantGroup;
			children = (
				089C1660FE840EACC02AAC07 /* English */,
			);
			name = InfoPlist.strings;
			sourceTree = "<group>";
		};
		2A37F4B9FDCFA73011CA2CEA /* Credits.rtf */ = {
			isa = PBXVariantGroup;
			children = (
				2A37F4BAFDCFA73011CA2CEA /* English */,
			);
			name = Credits.rtf;
			sourceTree = "<group>";
		};
		2F7446A70DB6BCF400F9684A /* MainMenu.xib */ = {
			isa = PBXVariantGroup;
			children = (
				2F7446A80DB6BCF400F9684A /* English */,
			);
			name = MainMenu.xib;
			sourceTree = "<group>";
		};
/* End PBXVariantGroup section */

/* Begin XCBuildConfiguration section */
		26FC0AA60875C8B900E6366F /* Debug */ = {
			isa = XCBuildConfiguration;
			buildSettings = {
				ARCHS = "$(ARCHS_STANDARD_32_64_BIT)";
				COPY_PHASE_STRIP = NO;
				FRAMEWORK_SEARCH_PATHS = (
					"$(inherited)",
					"\"$(DEVELOPER_FRAMEWORKS_DIR)\"",
				);
				GCC_DYNAMIC_NO_PIC = NO;
				GCC_ENABLE_FIX_AND_CONTINUE = YES;
				GCC_ENABLE_OBJC_EXCEPTIONS = YES;
				GCC_MODEL_TUNING = G5;
				GCC_OPTIMIZATION_LEVEL = 0;
				GCC_PRECOMPILE_PREFIX_HEADER = YES;
				GCC_PREFIX_HEADER = WaQQ_Prefix.pch;
				INFOPLIST_FILE = "WaQQ-Info.plist";
				INSTALL_PATH = "$(HOME)/Applications";
				PRODUCT_NAME = WaQQ;
				WRAPPER_EXTENSION = app;
			};
			name = Debug;
		};
		26FC0AA70875C8B900E6366F /* Release */ = {
			isa = XCBuildConfiguration;
			buildSettings = {
				DEBUG_INFORMATION_FORMAT = "dwarf-with-dsym";
				FRAMEWORK_SEARCH_PATHS = (
					"$(inherited)",
					"\"$(DEVELOPER_FRAMEWORKS_DIR)\"",
				);
				GCC_ENABLE_OBJC_EXCEPTIONS = YES;
				GCC_MODEL_TUNING = G5;
				GCC_PRECOMPILE_PREFIX_HEADER = YES;
				GCC_PREFIX_HEADER = WaQQ_Prefix.pch;
				INFOPLIST_FILE = "WaQQ-Info.plist";
				INSTALL_PATH = "$(HOME)/Applications";
				PRODUCT_NAME = WaQQ;
				WRAPPER_EXTENSION = app;
			};
			name = Release;
		};
		26FC0AAA0875C8B900E6366F /* Debug */ = {
			isa = XCBuildConfiguration;
			buildSettings = {
				ARCHS = "$(ARCHS_STANDARD_32_64_BIT)";
				GCC_C_LANGUAGE_STANDARD = gnu99;
				GCC_PREPROCESSOR_DEFINITIONS = DEBUG;
				GCC_WARN_ABOUT_RETURN_TYPE = YES;
				GCC_WARN_UNUSED_VARIABLE = YES;
				ONLY_ACTIVE_ARCH = YES;
				PREBINDING = NO;
				SDKROOT = macosx10.6;
			};
			name = Debug;
		};
		26FC0AAB0875C8B900E6366F /* Release */ = {
			isa = XCBuildConfiguration;
			buildSettings = {
				ARCHS = "$(ARCHS_STANDARD_32_64_BIT)";
				GCC_C_LANGUAGE_STANDARD = gnu99;
				GCC_PREPROCESSOR_DEFINITIONS = DEBUG;
				GCC_WARN_ABOUT_RETURN_TYPE = YES;
				GCC_WARN_UNUSED_VARIABLE = YES;
				PREBINDING = NO;
				SDKROOT = macosx10.6;
			};
			name = Release;
		};
		BD7807D512DADF5900F95021 /* Debug */ = {
			isa = XCBuildConfiguration;
			buildSettings = {
				ALWAYS_SEARCH_USER_PATHS = NO;
				COPY_PHASE_STRIP = NO;
				FRAMEWORK_SEARCH_PATHS = (
					"$(inherited)",
					"\"$(SRCROOT)\"",
				);
				GCC_DYNAMIC_NO_PIC = NO;
				GCC_ENABLE_FIX_AND_CONTINUE = YES;
				GCC_MODEL_TUNING = G5;
				GCC_OPTIMIZATION_LEVEL = 0;
				GCC_PRECOMPILE_PREFIX_HEADER = YES;
				GCC_PREFIX_HEADER = "$(SYSTEM_LIBRARY_DIR)/Frameworks/AppKit.framework/Headers/AppKit.h";
				GCC_PREPROCESSOR_DEFINITIONS = (
					UNIT_TEST,
					DEBUG,
				);
				INFOPLIST_FILE = "UnitTest-Info.plist";
				INSTALL_PATH = "$(HOME)/Applications";
				OTHER_LDFLAGS = (
					"-framework",
					Foundation,
					"-framework",
					AppKit,
				);
				PREBINDING = NO;
				PRODUCT_NAME = UnitTest;
			};
			name = Debug;
		};
		BD7807D612DADF5900F95021 /* Release */ = {
			isa = XCBuildConfiguration;
			buildSettings = {
				ALWAYS_SEARCH_USER_PATHS = NO;
				COPY_PHASE_STRIP = YES;
				DEBUG_INFORMATION_FORMAT = "dwarf-with-dsym";
				FRAMEWORK_SEARCH_PATHS = (
					"$(inherited)",
					"\"$(SRCROOT)\"",
				);
				GCC_ENABLE_FIX_AND_CONTINUE = NO;
				GCC_MODEL_TUNING = G5;
				GCC_PRECOMPILE_PREFIX_HEADER = YES;
				GCC_PREFIX_HEADER = "$(SYSTEM_LIBRARY_DIR)/Frameworks/AppKit.framework/Headers/AppKit.h";
				GCC_PREPROCESSOR_DEFINITIONS = (
					UNIT_TEST,
					DEBUG,
				);
				INFOPLIST_FILE = "UnitTest-Info.plist";
				INSTALL_PATH = "$(HOME)/Applications";
				OTHER_LDFLAGS = (
					"-framework",
					Foundation,
					"-framework",
					AppKit,
				);
				PREBINDING = NO;
				PRODUCT_NAME = UnitTest;
				ZERO_LINK = NO;
			};
			name = Release;
		};
/* End XCBuildConfiguration section */

/* Begin XCConfigurationList section */
		26FC0AA50875C8B900E6366F /* Build configuration list for PBXNativeTarget "WaQQ" */ = {
			isa = XCConfigurationList;
			buildConfigurations = (
				26FC0AA60875C8B900E6366F /* Debug */,
				26FC0AA70875C8B900E6366F /* Release */,
			);
			defaultConfigurationIsVisible = 0;
			defaultConfigurationName = Release;
		};
		26FC0AA90875C8B900E6366F /* Build configuration list for PBXProject "WaQQ" */ = {
			isa = XCConfigurationList;
			buildConfigurations = (
				26FC0AAA0875C8B900E6366F /* Debug */,
				26FC0AAB0875C8B900E6366F /* Release */,
			);
			defaultConfigurationIsVisible = 0;
			defaultConfigurationName = Release;
		};
		BD7807E212DADF7A00F95021 /* Build configuration list for PBXNativeTarget "UnitTest" */ = {
			isa = XCConfigurationList;
			buildConfigurations = (
				BD7807D512DADF5900F95021 /* Debug */,
				BD7807D612DADF5900F95021 /* Release */,
			);
			defaultConfigurationIsVisible = 0;
			defaultConfigurationName = Release;
		};
/* End XCConfigurationList section */
	};
	rootObject = 2A37F4A9FDCFA73011CA2CEA /* Project object */;
}
